
Microsoft Visual Studio Solution File, Format Version 12.00
# Visual Studio Version 17
VisualStudioVersion = 17.4.33213.308
MinimumVisualStudioVersion = 10.0.40219.1
Project("{FAE04EC0-301F-11D3-BF4B-00C04F79EFBC}") = "linq_Task1", "linq_Task1.csproj", "{183323D0-896B-4B46-B4BE-6CAA783C6722}"
EndProject
Global
	GlobalSection(SolutionConfigurationPlatforms) = preSolution
		Debug|Any CPU = Debug|Any CPU
		Release|Any CPU = Release|Any CPU
	EndGlobalSection
	GlobalSection(ProjectConfigurationPlatforms) = postSolution
		{183323D0-896B-4B46-B4BE-6CAA783C6722}.Debug|Any CPU.ActiveCfg = Debug|Any CPU
		{183323D0-896B-4B46-B4BE-6CAA783C6722}.Debug|Any CPU.Build.0 = Debug|Any CPU
		{183323D0-896B-4B46-B4BE-6CAA783C6722}.Release|Any CPU.ActiveCfg = Release|Any CPU
		{183323D0-896B-4B46-B4BE-6CAA783C6722}.Release|Any CPU.Build.0 = Release|Any CPU
	EndGlobalSection
	GlobalSection(SolutionProperties) = preSolution
		HideSolutionNode = FALSE
	EndGlobalSection
	GlobalSection(ExtensibilityGlobals) = postSolution
		SolutionGuid = {7B56C746-5CA3-4F63-A31F-A07DB9F8D67E}
	EndGlobalSection
EndGlobal
