
Microsoft Visual Studio Solution File, Format Version 12.00
# Visual Studio Version 17
VisualStudioVersion = 17.4.33213.308
MinimumVisualStudioVersion = 10.0.40219.1
Project("{FAE04EC0-301F-11D3-BF4B-00C04F79EFBC}") = "Question2", "Question2\Question2.csproj", "{DE8E926F-5D81-4E02-8C12-45D649256B5A}"
EndProject
Global
	GlobalSection(SolutionConfigurationPlatforms) = preSolution
		Debug|Any CPU = Debug|Any CPU
		Release|Any CPU = Release|Any CPU
	EndGlobalSection
	GlobalSection(ProjectConfigurationPlatforms) = postSolution
		{DE8E926F-5D81-4E02-8C12-45D649256B5A}.Debug|Any CPU.ActiveCfg = Debug|Any CPU
		{DE8E926F-5D81-4E02-8C12-45D649256B5A}.Debug|Any CPU.Build.0 = Debug|Any CPU
		{DE8E926F-5D81-4E02-8C12-45D649256B5A}.Release|Any CPU.ActiveCfg = Release|Any CPU
		{DE8E926F-5D81-4E02-8C12-45D649256B5A}.Release|Any CPU.Build.0 = Release|Any CPU
	EndGlobalSection
	GlobalSection(SolutionProperties) = preSolution
		HideSolutionNode = FALSE
	EndGlobalSection
	GlobalSection(ExtensibilityGlobals) = postSolution
		SolutionGuid = {18739585-366C-41A4-862E-1C688E0303B7}
	EndGlobalSection
EndGlobal
