
Microsoft Visual Studio Solution File, Format Version 12.00
# Visual Studio Version 17
VisualStudioVersion = 17.4.33213.308
MinimumVisualStudioVersion = 10.0.40219.1
Project("{FAE04EC0-301F-11D3-BF4B-00C04F79EFBC}") = "EntityFramework", "EntityFramework\EntityFramework.csproj", "{8725FA84-BD14-499A-8A91-473A92976580}"
EndProject
Global
	GlobalSection(SolutionConfigurationPlatforms) = preSolution
		Debug|Any CPU = Debug|Any CPU
		Release|Any CPU = Release|Any CPU
	EndGlobalSection
	GlobalSection(ProjectConfigurationPlatforms) = postSolution
		{8725FA84-BD14-499A-8A91-473A92976580}.Debug|Any CPU.ActiveCfg = Debug|Any CPU
		{8725FA84-BD14-499A-8A91-473A92976580}.Debug|Any CPU.Build.0 = Debug|Any CPU
		{8725FA84-BD14-499A-8A91-473A92976580}.Release|Any CPU.ActiveCfg = Release|Any CPU
		{8725FA84-BD14-499A-8A91-473A92976580}.Release|Any CPU.Build.0 = Release|Any CPU
	EndGlobalSection
	GlobalSection(SolutionProperties) = preSolution
		HideSolutionNode = FALSE
	EndGlobalSection
	GlobalSection(ExtensibilityGlobals) = postSolution
		SolutionGuid = {B6B92855-9050-4E7B-87F1-B0BB32B8390E}
	EndGlobalSection
EndGlobal
